
Microsoft Visual Studio Solution File, Format Version 12.00
# Visual Studio Version 16
VisualStudioVersion = 16.0.31829.152
MinimumVisualStudioVersion = 10.0.40219.1
Project("{8BC9CEB8-8B4A-11D0-8D11-00A0C91BC942}") = "FF767RadiosForGFIT", "FF767RadiosForGFIT\FF767RadiosForGFIT.vcxproj", "{859DE88E-B024-4256-92E2-6F095E3C0690}"
EndProject
Global
	GlobalSection(SolutionConfigurationPlatforms) = preSolution
		Debug|x64 = Debug|x64
		Debug|x86 = Debug|x86
		Release|x64 = Release|x64
		Release|x86 = Release|x86
	EndGlobalSection
	GlobalSection(ProjectConfigurationPlatforms) = postSolution
		{859DE88E-B024-4256-92E2-6F095E3C0690}.Debug|x64.ActiveCfg = Debug|x64
		{859DE88E-B024-4256-92E2-6F095E3C0690}.Debug|x64.Build.0 = Debug|x64
		{859DE88E-B024-4256-92E2-6F095E3C0690}.Debug|x86.ActiveCfg = Debug|Win32
		{859DE88E-B024-4256-92E2-6F095E3C0690}.Debug|x86.Build.0 = Debug|Win32
		{859DE88E-B024-4256-92E2-6F095E3C0690}.Release|x64.ActiveCfg = Release|x64
		{859DE88E-B024-4256-92E2-6F095E3C0690}.Release|x64.Build.0 = Release|x64
		{859DE88E-B024-4256-92E2-6F095E3C0690}.Release|x86.ActiveCfg = Release|Win32
		{859DE88E-B024-4256-92E2-6F095E3C0690}.Release|x86.Build.0 = Release|Win32
	EndGlobalSection
	GlobalSection(SolutionProperties) = preSolution
		HideSolutionNode = FALSE
	EndGlobalSection
	GlobalSection(ExtensibilityGlobals) = postSolution
		SolutionGuid = {CBAEAE16-23FF-4910-BD37-FB0BAA5F81AB}
	EndGlobalSection
EndGlobal
